// !$*UTF8*$!
{
	archiveVersion = 1;
	classes = {
	};
	objectVersion = 56;
	objects = {

/* Begin PBXBuildFile section */
		7723C0FE2C5BCE0E009A6709 /* BookSummarizerApp.swift in Sources */ = {isa = PBXBuildFile; fileRef = 7723C0FD2C5BCE0E009A6709 /* BookSummarizerApp.swift */; };
		7723C1022C5BCE0F009A6709 /* Assets.xcassets in Resources */ = {isa = PBXBuildFile; fileRef = 7723C1012C5BCE0F009A6709 /* Assets.xcassets */; };
		7723C1052C5BCE0F009A6709 /* Preview Assets.xcassets in Resources */ = {isa = PBXBuildFile; fileRef = 7723C1042C5BCE0F009A6709 /* Preview Assets.xcassets */; };
		7723C10F2C5BCE0F009A6709 /* BookSummarizerTests.swift in Sources */ = {isa = PBXBuildFile; fileRef = 7723C10E2C5BCE0F009A6709 /* BookSummarizerTests.swift */; };
		7723C1192C5BCE0F009A6709 /* BookSummarizerUITests.swift in Sources */ = {isa = PBXBuildFile; fileRef = 7723C1182C5BCE0F009A6709 /* BookSummarizerUITests.swift */; };
		7723C11B2C5BCE0F009A6709 /* BookSummarizerUITestsLaunchTests.swift in Sources */ = {isa = PBXBuildFile; fileRef = 7723C11A2C5BCE0F009A6709 /* BookSummarizerUITestsLaunchTests.swift */; };
		7723C12B2C5C078B009A6709 /* BookSummarizer.swift in Sources */ = {isa = PBXBuildFile; fileRef = 7723C12A2C5C078B009A6709 /* BookSummarizer.swift */; };
		77275F9A2C5E61D40064FFC9 /* PlayItem.swift in Sources */ = {isa = PBXBuildFile; fileRef = 77275F992C5E61D40064FFC9 /* PlayItem.swift */; };
		77275F9C2C5E62EC0064FFC9 /* PlayItemFetching.swift in Sources */ = {isa = PBXBuildFile; fileRef = 77275F9B2C5E62EC0064FFC9 /* PlayItemFetching.swift */; };
		77275F9E2C5E64630064FFC9 /* JSONKeeper.swift in Sources */ = {isa = PBXBuildFile; fileRef = 77275F9D2C5E64630064FFC9 /* JSONKeeper.swift */; };
		77275FA02C5E6B460064FFC9 /* DependencyValues.swift in Sources */ = {isa = PBXBuildFile; fileRef = 77275F9F2C5E6B460064FFC9 /* DependencyValues.swift */; };
		77275FA32C600F520064FFC9 /* Double.swift in Sources */ = {isa = PBXBuildFile; fileRef = 77275FA22C600F520064FFC9 /* Double.swift */; };
		77275FA52C600F690064FFC9 /* PlayRate.swift in Sources */ = {isa = PBXBuildFile; fileRef = 77275FA42C600F690064FFC9 /* PlayRate.swift */; };
		77275FA72C60184F0064FFC9 /* Array.swift in Sources */ = {isa = PBXBuildFile; fileRef = 77275FA62C60184F0064FFC9 /* Array.swift */; };
		77275FA92C60B9A50064FFC9 /* Float.swift in Sources */ = {isa = PBXBuildFile; fileRef = 77275FA82C60B9A50064FFC9 /* Float.swift */; };
		77FB0F652C5C0A940052F9BF /* Colors.xcassets in Resources */ = {isa = PBXBuildFile; fileRef = 77FB0F642C5C0A940052F9BF /* Colors.xcassets */; };
		77FB0F782C5C18400052F9BF /* BookSummarizerView.swift in Sources */ = {isa = PBXBuildFile; fileRef = 77FB0F772C5C18400052F9BF /* BookSummarizerView.swift */; };
		77FB0F7B2C5C1A620052F9BF /* Player.swift in Sources */ = {isa = PBXBuildFile; fileRef = 77FB0F7A2C5C1A620052F9BF /* Player.swift */; };
		77FB0F7D2C5C1D130052F9BF /* AudioPlayer.swift in Sources */ = {isa = PBXBuildFile; fileRef = 77FB0F7C2C5C1D130052F9BF /* AudioPlayer.swift */; };
		77FB0F842C5C201E0052F9BF /* KeyPoint.swift in Sources */ = {isa = PBXBuildFile; fileRef = 77FB0F832C5C201E0052F9BF /* KeyPoint.swift */; };
		77FB0F872C5C21EA0052F9BF /* SummarizerDataSource.swift in Sources */ = {isa = PBXBuildFile; fileRef = 77FB0F862C5C21EA0052F9BF /* SummarizerDataSource.swift */; };
		77FB0F922C5E4DF60052F9BF /* ComposableArchitecture in Frameworks */ = {isa = PBXBuildFile; productRef = 77FB0F912C5E4DF60052F9BF /* ComposableArchitecture */; };
		77FB0F952C5E50620052F9BF /* KeyPointsPlayerView.swift in Sources */ = {isa = PBXBuildFile; fileRef = 77FB0F942C5E50620052F9BF /* KeyPointsPlayerView.swift */; };
/* End PBXBuildFile section */

/* Begin PBXContainerItemProxy section */
		7723C10B2C5BCE0F009A6709 /* PBXContainerItemProxy */ = {
			isa = PBXContainerItemProxy;
			containerPortal = 7723C0F22C5BCE0E009A6709 /* Project object */;
			proxyType = 1;
			remoteGlobalIDString = 7723C0F92C5BCE0E009A6709;
			remoteInfo = BookSummarizer;
		};
		7723C1152C5BCE0F009A6709 /* PBXContainerItemProxy */ = {
			isa = PBXContainerItemProxy;
			containerPortal = 7723C0F22C5BCE0E009A6709 /* Project object */;
			proxyType = 1;
			remoteGlobalIDString = 7723C0F92C5BCE0E009A6709;
			remoteInfo = BookSummarizer;
		};
/* End PBXContainerItemProxy section */

/* Begin PBXFileReference section */
		7723C0FA2C5BCE0E009A6709 /* BookSummarizer.app */ = {isa = PBXFileReference; explicitFileType = wrapper.application; includeInIndex = 0; path = BookSummarizer.app; sourceTree = BUILT_PRODUCTS_DIR; };
		7723C0FD2C5BCE0E009A6709 /* BookSummarizerApp.swift */ = {isa = PBXFileReference; lastKnownFileType = sourcecode.swift; path = BookSummarizerApp.swift; sourceTree = "<group>"; };
		7723C1012C5BCE0F009A6709 /* Assets.xcassets */ = {isa = PBXFileReference; lastKnownFileType = folder.assetcatalog; path = Assets.xcassets; sourceTree = "<group>"; };
		7723C1042C5BCE0F009A6709 /* Preview Assets.xcassets */ = {isa = PBXFileReference; lastKnownFileType = folder.assetcatalog; path = "Preview Assets.xcassets"; sourceTree = "<group>"; };
		7723C10A2C5BCE0F009A6709 /* BookSummarizerTests.xctest */ = {isa = PBXFileReference; explicitFileType = wrapper.cfbundle; includeInIndex = 0; path = BookSummarizerTests.xctest; sourceTree = BUILT_PRODUCTS_DIR; };
		7723C10E2C5BCE0F009A6709 /* BookSummarizerTests.swift */ = {isa = PBXFileReference; lastKnownFileType = sourcecode.swift; path = BookSummarizerTests.swift; sourceTree = "<group>"; };
		7723C1142C5BCE0F009A6709 /* BookSummarizerUITests.xctest */ = {isa = PBXFileReference; explicitFileType = wrapper.cfbundle; includeInIndex = 0; path = BookSummarizerUITests.xctest; sourceTree = BUILT_PRODUCTS_DIR; };
		7723C1182C5BCE0F009A6709 /* BookSummarizerUITests.swift */ = {isa = PBXFileReference; lastKnownFileType = sourcecode.swift; path = BookSummarizerUITests.swift; sourceTree = "<group>"; };
		7723C11A2C5BCE0F009A6709 /* BookSummarizerUITestsLaunchTests.swift */ = {isa = PBXFileReference; lastKnownFileType = sourcecode.swift; path = BookSummarizerUITestsLaunchTests.swift; sourceTree = "<group>"; };
		7723C12A2C5C078B009A6709 /* BookSummarizer.swift */ = {isa = PBXFileReference; lastKnownFileType = sourcecode.swift; path = BookSummarizer.swift; sourceTree = "<group>"; };
		77275F992C5E61D40064FFC9 /* PlayItem.swift */ = {isa = PBXFileReference; lastKnownFileType = sourcecode.swift; path = PlayItem.swift; sourceTree = "<group>"; };
		77275F9B2C5E62EC0064FFC9 /* PlayItemFetching.swift */ = {isa = PBXFileReference; lastKnownFileType = sourcecode.swift; path = PlayItemFetching.swift; sourceTree = "<group>"; };
		77275F9D2C5E64630064FFC9 /* JSONKeeper.swift */ = {isa = PBXFileReference; lastKnownFileType = sourcecode.swift; path = JSONKeeper.swift; sourceTree = "<group>"; };
		77275F9F2C5E6B460064FFC9 /* DependencyValues.swift */ = {isa = PBXFileReference; lastKnownFileType = sourcecode.swift; path = DependencyValues.swift; sourceTree = "<group>"; };
		77275FA22C600F520064FFC9 /* Double.swift */ = {isa = PBXFileReference; lastKnownFileType = sourcecode.swift; path = Double.swift; sourceTree = "<group>"; };
		77275FA42C600F690064FFC9 /* PlayRate.swift */ = {isa = PBXFileReference; lastKnownFileType = sourcecode.swift; path = PlayRate.swift; sourceTree = "<group>"; };
		77275FA62C60184F0064FFC9 /* Array.swift */ = {isa = PBXFileReference; lastKnownFileType = sourcecode.swift; path = Array.swift; sourceTree = "<group>"; };
		77275FA82C60B9A50064FFC9 /* Float.swift */ = {isa = PBXFileReference; lastKnownFileType = sourcecode.swift; path = Float.swift; sourceTree = "<group>"; };
		77FB0F642C5C0A940052F9BF /* Colors.xcassets */ = {isa = PBXFileReference; lastKnownFileType = folder.assetcatalog; path = Colors.xcassets; sourceTree = "<group>"; };
		77FB0F772C5C18400052F9BF /* BookSummarizerView.swift */ = {isa = PBXFileReference; lastKnownFileType = sourcecode.swift; path = BookSummarizerView.swift; sourceTree = "<group>"; };
		77FB0F7A2C5C1A620052F9BF /* Player.swift */ = {isa = PBXFileReference; lastKnownFileType = sourcecode.swift; path = Player.swift; sourceTree = "<group>"; };
		77FB0F7C2C5C1D130052F9BF /* AudioPlayer.swift */ = {isa = PBXFileReference; lastKnownFileType = sourcecode.swift; path = AudioPlayer.swift; sourceTree = "<group>"; };
		77FB0F832C5C201E0052F9BF /* KeyPoint.swift */ = {isa = PBXFileReference; lastKnownFileType = sourcecode.swift; path = KeyPoint.swift; sourceTree = "<group>"; };
		77FB0F862C5C21EA0052F9BF /* SummarizerDataSource.swift */ = {isa = PBXFileReference; lastKnownFileType = sourcecode.swift; path = SummarizerDataSource.swift; sourceTree = "<group>"; };
		77FB0F942C5E50620052F9BF /* KeyPointsPlayerView.swift */ = {isa = PBXFileReference; lastKnownFileType = sourcecode.swift; path = KeyPointsPlayerView.swift; sourceTree = "<group>"; };
/* End PBXFileReference section */

/* Begin PBXFrameworksBuildPhase section */
		7723C0F72C5BCE0E009A6709 /* Frameworks */ = {
			isa = PBXFrameworksBuildPhase;
			buildActionMask = 2147483647;
			files = (
				77FB0F922C5E4DF60052F9BF /* ComposableArchitecture in Frameworks */,
			);
			runOnlyForDeploymentPostprocessing = 0;
		};
		7723C1072C5BCE0F009A6709 /* Frameworks */ = {
			isa = PBXFrameworksBuildPhase;
			buildActionMask = 2147483647;
			files = (
			);
			runOnlyForDeploymentPostprocessing = 0;
		};
		7723C1112C5BCE0F009A6709 /* Frameworks */ = {
			isa = PBXFrameworksBuildPhase;
			buildActionMask = 2147483647;
			files = (
			);
			runOnlyForDeploymentPostprocessing = 0;
		};
/* End PBXFrameworksBuildPhase section */

/* Begin PBXGroup section */
		7723C0F12C5BCE0E009A6709 = {
			isa = PBXGroup;
			children = (
				7723C0FC2C5BCE0E009A6709 /* BookSummarizer */,
				7723C10D2C5BCE0F009A6709 /* BookSummarizerTests */,
				7723C1172C5BCE0F009A6709 /* BookSummarizerUITests */,
				7723C0FB2C5BCE0E009A6709 /* Products */,
			);
			sourceTree = "<group>";
		};
		7723C0FB2C5BCE0E009A6709 /* Products */ = {
			isa = PBXGroup;
			children = (
				7723C0FA2C5BCE0E009A6709 /* BookSummarizer.app */,
				7723C10A2C5BCE0F009A6709 /* BookSummarizerTests.xctest */,
				7723C1142C5BCE0F009A6709 /* BookSummarizerUITests.xctest */,
			);
			name = Products;
			sourceTree = "<group>";
		};
		7723C0FC2C5BCE0E009A6709 /* BookSummarizer */ = {
			isa = PBXGroup;
			children = (
				7723C0FD2C5BCE0E009A6709 /* BookSummarizerApp.swift */,
				77275F972C5E61AC0064FFC9 /* Networking(Mock) */,
				77FB0F7E2C5C1ECC0052F9BF /* DataSource */,
				77FB0F792C5C1A560052F9BF /* Player */,
				77FB0F762C5C17BF0052F9BF /* PlayerScreen */,
				77275FA12C5E6FD70064FFC9 /* Extensions */,
				77FB0F622C5C0A2F0052F9BF /* Resources */,
				7723C1032C5BCE0F009A6709 /* Preview Content */,
			);
			path = BookSummarizer;
			sourceTree = "<group>";
		};
		7723C1032C5BCE0F009A6709 /* Preview Content */ = {
			isa = PBXGroup;
			children = (
				7723C1042C5BCE0F009A6709 /* Preview Assets.xcassets */,
			);
			path = "Preview Content";
			sourceTree = "<group>";
		};
		7723C10D2C5BCE0F009A6709 /* BookSummarizerTests */ = {
			isa = PBXGroup;
			children = (
				7723C10E2C5BCE0F009A6709 /* BookSummarizerTests.swift */,
			);
			path = BookSummarizerTests;
			sourceTree = "<group>";
		};
		7723C1172C5BCE0F009A6709 /* BookSummarizerUITests */ = {
			isa = PBXGroup;
			children = (
				7723C1182C5BCE0F009A6709 /* BookSummarizerUITests.swift */,
				7723C11A2C5BCE0F009A6709 /* BookSummarizerUITestsLaunchTests.swift */,
			);
			path = BookSummarizerUITests;
			sourceTree = "<group>";
		};
		77275F972C5E61AC0064FFC9 /* Networking(Mock) */ = {
			isa = PBXGroup;
			children = (
				77275F982C5E61BA0064FFC9 /* Models */,
				77275F9B2C5E62EC0064FFC9 /* PlayItemFetching.swift */,
				77275F9D2C5E64630064FFC9 /* JSONKeeper.swift */,
			);
			path = "Networking(Mock)";
			sourceTree = "<group>";
		};
		77275F982C5E61BA0064FFC9 /* Models */ = {
			isa = PBXGroup;
			children = (
				77275F992C5E61D40064FFC9 /* PlayItem.swift */,
				77FB0F832C5C201E0052F9BF /* KeyPoint.swift */,
			);
			path = Models;
			sourceTree = "<group>";
		};
		77275FA12C5E6FD70064FFC9 /* Extensions */ = {
			isa = PBXGroup;
			children = (
				77275F9F2C5E6B460064FFC9 /* DependencyValues.swift */,
				77275FA22C600F520064FFC9 /* Double.swift */,
				77275FA62C60184F0064FFC9 /* Array.swift */,
				77275FA82C60B9A50064FFC9 /* Float.swift */,
			);
			path = Extensions;
			sourceTree = "<group>";
		};
		77FB0F622C5C0A2F0052F9BF /* Resources */ = {
			isa = PBXGroup;
			children = (
				7723C1012C5BCE0F009A6709 /* Assets.xcassets */,
				77FB0F642C5C0A940052F9BF /* Colors.xcassets */,
			);
			path = Resources;
			sourceTree = "<group>";
		};
		77FB0F762C5C17BF0052F9BF /* PlayerScreen */ = {
			isa = PBXGroup;
			children = (
				7723C12A2C5C078B009A6709 /* BookSummarizer.swift */,
				77FB0F932C5E503A0052F9BF /* Views */,
			);
			path = PlayerScreen;
			sourceTree = "<group>";
		};
		77FB0F792C5C1A560052F9BF /* Player */ = {
			isa = PBXGroup;
			children = (
				77FB0F7A2C5C1A620052F9BF /* Player.swift */,
				77FB0F7C2C5C1D130052F9BF /* AudioPlayer.swift */,
				77275FA42C600F690064FFC9 /* PlayRate.swift */,
			);
			path = Player;
			sourceTree = "<group>";
		};
		77FB0F7E2C5C1ECC0052F9BF /* DataSource */ = {
			isa = PBXGroup;
			children = (
				77FB0F862C5C21EA0052F9BF /* SummarizerDataSource.swift */,
			);
			path = DataSource;
			sourceTree = "<group>";
		};
		77FB0F932C5E503A0052F9BF /* Views */ = {
			isa = PBXGroup;
			children = (
				77FB0F772C5C18400052F9BF /* BookSummarizerView.swift */,
				77FB0F942C5E50620052F9BF /* KeyPointsPlayerView.swift */,
			);
			path = Views;
			sourceTree = "<group>";
		};
/* End PBXGroup section */

/* Begin PBXNativeTarget section */
		7723C0F92C5BCE0E009A6709 /* BookSummarizer */ = {
			isa = PBXNativeTarget;
			buildConfigurationList = 7723C11E2C5BCE0F009A6709 /* Build configuration list for PBXNativeTarget "BookSummarizer" */;
			buildPhases = (
				7723C0F62C5BCE0E009A6709 /* Sources */,
				7723C0F72C5BCE0E009A6709 /* Frameworks */,
				7723C0F82C5BCE0E009A6709 /* Resources */,
			);
			buildRules = (
			);
			dependencies = (
			);
			name = BookSummarizer;
			packageProductDependencies = (
				77FB0F912C5E4DF60052F9BF /* ComposableArchitecture */,
			);
			productName = BookSummarizer;
			productReference = 7723C0FA2C5BCE0E009A6709 /* BookSummarizer.app */;
			productType = "com.apple.product-type.application";
		};
		7723C1092C5BCE0F009A6709 /* BookSummarizerTests */ = {
			isa = PBXNativeTarget;
			buildConfigurationList = 7723C1212C5BCE0F009A6709 /* Build configuration list for PBXNativeTarget "BookSummarizerTests" */;
			buildPhases = (
				7723C1062C5BCE0F009A6709 /* Sources */,
				7723C1072C5BCE0F009A6709 /* Frameworks */,
				7723C1082C5BCE0F009A6709 /* Resources */,
			);
			buildRules = (
			);
			dependencies = (
				7723C10C2C5BCE0F009A6709 /* PBXTargetDependency */,
			);
			name = BookSummarizerTests;
			productName = BookSummarizerTests;
			productReference = 7723C10A2C5BCE0F009A6709 /* BookSummarizerTests.xctest */;
			productType = "com.apple.product-type.bundle.unit-test";
		};
		7723C1132C5BCE0F009A6709 /* BookSummarizerUITests */ = {
			isa = PBXNativeTarget;
			buildConfigurationList = 7723C1242C5BCE0F009A6709 /* Build configuration list for PBXNativeTarget "BookSummarizerUITests" */;
			buildPhases = (
				7723C1102C5BCE0F009A6709 /* Sources */,
				7723C1112C5BCE0F009A6709 /* Frameworks */,
				7723C1122C5BCE0F009A6709 /* Resources */,
			);
			buildRules = (
			);
			dependencies = (
				7723C1162C5BCE0F009A6709 /* PBXTargetDependency */,
			);
			name = BookSummarizerUITests;
			productName = BookSummarizerUITests;
			productReference = 7723C1142C5BCE0F009A6709 /* BookSummarizerUITests.xctest */;
			productType = "com.apple.product-type.bundle.ui-testing";
		};
/* End PBXNativeTarget section */

/* Begin PBXProject section */
		7723C0F22C5BCE0E009A6709 /* Project object */ = {
			isa = PBXProject;
			attributes = {
				BuildIndependentTargetsInParallel = 1;
				LastSwiftUpdateCheck = 1540;
				LastUpgradeCheck = 1540;
				TargetAttributes = {
					7723C0F92C5BCE0E009A6709 = {
						CreatedOnToolsVersion = 15.4;
					};
					7723C1092C5BCE0F009A6709 = {
						CreatedOnToolsVersion = 15.4;
						TestTargetID = 7723C0F92C5BCE0E009A6709;
					};
					7723C1132C5BCE0F009A6709 = {
						CreatedOnToolsVersion = 15.4;
						TestTargetID = 7723C0F92C5BCE0E009A6709;
					};
				};
			};
			buildConfigurationList = 7723C0F52C5BCE0E009A6709 /* Build configuration list for PBXProject "BookSummarizer" */;
			compatibilityVersion = "Xcode 14.0";
			developmentRegion = en;
			hasScannedForEncodings = 0;
			knownRegions = (
				en,
				Base,
			);
			mainGroup = 7723C0F12C5BCE0E009A6709;
			packageReferences = (
				77FB0F902C5E4DF60052F9BF /* XCRemoteSwiftPackageReference "swift-composable-architecture" */,
			);
			productRefGroup = 7723C0FB2C5BCE0E009A6709 /* Products */;
			projectDirPath = "";
			projectRoot = "";
			targets = (
				7723C0F92C5BCE0E009A6709 /* BookSummarizer */,
				7723C1092C5BCE0F009A6709 /* BookSummarizerTests */,
				7723C1132C5BCE0F009A6709 /* BookSummarizerUITests */,
			);
		};
/* End PBXProject section */

/* Begin PBXResourcesBuildPhase section */
		7723C0F82C5BCE0E009A6709 /* Resources */ = {
			isa = PBXResourcesBuildPhase;
			buildActionMask = 2147483647;
			files = (
				77FB0F652C5C0A940052F9BF /* Colors.xcassets in Resources */,
				7723C1052C5BCE0F009A6709 /* Preview Assets.xcassets in Resources */,
				7723C1022C5BCE0F009A6709 /* Assets.xcassets in Resources */,
			);
			runOnlyForDeploymentPostprocessing = 0;
		};
		7723C1082C5BCE0F009A6709 /* Resources */ = {
			isa = PBXResourcesBuildPhase;
			buildActionMask = 2147483647;
			files = (
			);
			runOnlyForDeploymentPostprocessing = 0;
		};
		7723C1122C5BCE0F009A6709 /* Resources */ = {
			isa = PBXResourcesBuildPhase;
			buildActionMask = 2147483647;
			files = (
			);
			runOnlyForDeploymentPostprocessing = 0;
		};
/* End PBXResourcesBuildPhase section */

/* Begin PBXSourcesBuildPhase section */
		7723C0F62C5BCE0E009A6709 /* Sources */ = {
			isa = PBXSourcesBuildPhase;
			buildActionMask = 2147483647;
			files = (
				77275FA02C5E6B460064FFC9 /* DependencyValues.swift in Sources */,
				77FB0F7B2C5C1A620052F9BF /* Player.swift in Sources */,
				77275F9E2C5E64630064FFC9 /* JSONKeeper.swift in Sources */,
				77FB0F782C5C18400052F9BF /* BookSummarizerView.swift in Sources */,
				77275FA32C600F520064FFC9 /* Double.swift in Sources */,
				77275F9C2C5E62EC0064FFC9 /* PlayItemFetching.swift in Sources */,
				77275FA72C60184F0064FFC9 /* Array.swift in Sources */,
				77FB0F7D2C5C1D130052F9BF /* AudioPlayer.swift in Sources */,
				77FB0F952C5E50620052F9BF /* KeyPointsPlayerView.swift in Sources */,
				7723C12B2C5C078B009A6709 /* BookSummarizer.swift in Sources */,
				77275F9A2C5E61D40064FFC9 /* PlayItem.swift in Sources */,
				7723C0FE2C5BCE0E009A6709 /* BookSummarizerApp.swift in Sources */,
				77275FA92C60B9A50064FFC9 /* Float.swift in Sources */,
				77FB0F842C5C201E0052F9BF /* KeyPoint.swift in Sources */,
				77275FA52C600F690064FFC9 /* PlayRate.swift in Sources */,
				77FB0F872C5C21EA0052F9BF /* SummarizerDataSource.swift in Sources */,
			);
			runOnlyForDeploymentPostprocessing = 0;
		};
		7723C1062C5BCE0F009A6709 /* Sources */ = {
			isa = PBXSourcesBuildPhase;
			buildActionMask = 2147483647;
			files = (
				7723C10F2C5BCE0F009A6709 /* BookSummarizerTests.swift in Sources */,
			);
			runOnlyForDeploymentPostprocessing = 0;
		};
		7723C1102C5BCE0F009A6709 /* Sources */ = {
			isa = PBXSourcesBuildPhase;
			buildActionMask = 2147483647;
			files = (
				7723C11B2C5BCE0F009A6709 /* BookSummarizerUITestsLaunchTests.swift in Sources */,
				7723C1192C5BCE0F009A6709 /* BookSummarizerUITests.swift in Sources */,
			);
			runOnlyForDeploymentPostprocessing = 0;
		};
/* End PBXSourcesBuildPhase section */

/* Begin PBXTargetDependency section */
		7723C10C2C5BCE0F009A6709 /* PBXTargetDependency */ = {
			isa = PBXTargetDependency;
			target = 7723C0F92C5BCE0E009A6709 /* BookSummarizer */;
			targetProxy = 7723C10B2C5BCE0F009A6709 /* PBXContainerItemProxy */;
		};
		7723C1162C5BCE0F009A6709 /* PBXTargetDependency */ = {
			isa = PBXTargetDependency;
			target = 7723C0F92C5BCE0E009A6709 /* BookSummarizer */;
			targetProxy = 7723C1152C5BCE0F009A6709 /* PBXContainerItemProxy */;
		};
/* End PBXTargetDependency section */

/* Begin XCBuildConfiguration section */
		7723C11C2C5BCE0F009A6709 /* Debug */ = {
			isa = XCBuildConfiguration;
			buildSettings = {
				ALWAYS_SEARCH_USER_PATHS = NO;
				ASSETCATALOG_COMPILER_GENERATE_SWIFT_ASSET_SYMBOL_EXTENSIONS = YES;
				CLANG_ANALYZER_NONNULL = YES;
				CLANG_ANALYZER_NUMBER_OBJECT_CONVERSION = YES_AGGRESSIVE;
				CLANG_CXX_LANGUAGE_STANDARD = "gnu++20";
				CLANG_ENABLE_MODULES = YES;
				CLANG_ENABLE_OBJC_ARC = YES;
				CLANG_ENABLE_OBJC_WEAK = YES;
				CLANG_WARN_BLOCK_CAPTURE_AUTORELEASING = YES;
				CLANG_WARN_BOOL_CONVERSION = YES;
				CLANG_WARN_COMMA = YES;
				CLANG_WARN_CONSTANT_CONVERSION = YES;
				CLANG_WARN_DEPRECATED_OBJC_IMPLEMENTATIONS = YES;
				CLANG_WARN_DIRECT_OBJC_ISA_USAGE = YES_ERROR;
				CLANG_WARN_DOCUMENTATION_COMMENTS = YES;
				CLANG_WARN_EMPTY_BODY = YES;
				CLANG_WARN_ENUM_CONVERSION = YES;
				CLANG_WARN_INFINITE_RECURSION = YES;
				CLANG_WARN_INT_CONVERSION = YES;
				CLANG_WARN_NON_LITERAL_NULL_CONVERSION = YES;
				CLANG_WARN_OBJC_IMPLICIT_RETAIN_SELF = YES;
				CLANG_WARN_OBJC_LITERAL_CONVERSION = YES;
				CLANG_WARN_OBJC_ROOT_CLASS = YES_ERROR;
				CLANG_WARN_QUOTED_INCLUDE_IN_FRAMEWORK_HEADER = YES;
				CLANG_WARN_RANGE_LOOP_ANALYSIS = YES;
				CLANG_WARN_STRICT_PROTOTYPES = YES;
				CLANG_WARN_SUSPICIOUS_MOVE = YES;
				CLANG_WARN_UNGUARDED_AVAILABILITY = YES_AGGRESSIVE;
				CLANG_WARN_UNREACHABLE_CODE = YES;
				CLANG_WARN__DUPLICATE_METHOD_MATCH = YES;
				COPY_PHASE_STRIP = NO;
				DEBUG_INFORMATION_FORMAT = dwarf;
				ENABLE_STRICT_OBJC_MSGSEND = YES;
				ENABLE_TESTABILITY = YES;
				ENABLE_USER_SCRIPT_SANDBOXING = YES;
				GCC_C_LANGUAGE_STANDARD = gnu17;
				GCC_DYNAMIC_NO_PIC = NO;
				GCC_NO_COMMON_BLOCKS = YES;
				GCC_OPTIMIZATION_LEVEL = 0;
				GCC_PREPROCESSOR_DEFINITIONS = (
					"DEBUG=1",
					"$(inherited)",
				);
				GCC_WARN_64_TO_32_BIT_CONVERSION = YES;
				GCC_WARN_ABOUT_RETURN_TYPE = YES_ERROR;
				GCC_WARN_UNDECLARED_SELECTOR = YES;
				GCC_WARN_UNINITIALIZED_AUTOS = YES_AGGRESSIVE;
				GCC_WARN_UNUSED_FUNCTION = YES;
				GCC_WARN_UNUSED_VARIABLE = YES;
				IPHONEOS_DEPLOYMENT_TARGET = 17.5;
				LOCALIZATION_PREFERS_STRING_CATALOGS = YES;
				MTL_ENABLE_DEBUG_INFO = INCLUDE_SOURCE;
				MTL_FAST_MATH = YES;
				ONLY_ACTIVE_ARCH = YES;
				SDKROOT = iphoneos;
				SWIFT_ACTIVE_COMPILATION_CONDITIONS = "DEBUG $(inherited)";
				SWIFT_OPTIMIZATION_LEVEL = "-Onone";
			};
			name = Debug;
		};
		7723C11D2C5BCE0F009A6709 /* Release */ = {
			isa = XCBuildConfiguration;
			buildSettings = {
				ALWAYS_SEARCH_USER_PATHS = NO;
				ASSETCATALOG_COMPILER_GENERATE_SWIFT_ASSET_SYMBOL_EXTENSIONS = YES;
				CLANG_ANALYZER_NONNULL = YES;
				CLANG_ANALYZER_NUMBER_OBJECT_CONVERSION = YES_AGGRESSIVE;
				CLANG_CXX_LANGUAGE_STANDARD = "gnu++20";
				CLANG_ENABLE_MODULES = YES;
				CLANG_ENABLE_OBJC_ARC = YES;
				CLANG_ENABLE_OBJC_WEAK = YES;
				CLANG_WARN_BLOCK_CAPTURE_AUTORELEASING = YES;
				CLANG_WARN_BOOL_CONVERSION = YES;
				CLANG_WARN_COMMA = YES;
				CLANG_WARN_CONSTANT_CONVERSION = YES;
				CLANG_WARN_DEPRECATED_OBJC_IMPLEMENTATIONS = YES;
				CLANG_WARN_DIRECT_OBJC_ISA_USAGE = YES_ERROR;
				CLANG_WARN_DOCUMENTATION_COMMENTS = YES;
				CLANG_WARN_EMPTY_BODY = YES;
				CLANG_WARN_ENUM_CONVERSION = YES;
				CLANG_WARN_INFINITE_RECURSION = YES;
				CLANG_WARN_INT_CONVERSION = YES;
				CLANG_WARN_NON_LITERAL_NULL_CONVERSION = YES;
				CLANG_WARN_OBJC_IMPLICIT_RETAIN_SELF = YES;
				CLANG_WARN_OBJC_LITERAL_CONVERSION = YES;
				CLANG_WARN_OBJC_ROOT_CLASS = YES_ERROR;
				CLANG_WARN_QUOTED_INCLUDE_IN_FRAMEWORK_HEADER = YES;
				CLANG_WARN_RANGE_LOOP_ANALYSIS = YES;
				CLANG_WARN_STRICT_PROTOTYPES = YES;
				CLANG_WARN_SUSPICIOUS_MOVE = YES;
				CLANG_WARN_UNGUARDED_AVAILABILITY = YES_AGGRESSIVE;
				CLANG_WARN_UNREACHABLE_CODE = YES;
				CLANG_WARN__DUPLICATE_METHOD_MATCH = YES;
				COPY_PHASE_STRIP = NO;
				DEBUG_INFORMATION_FORMAT = "dwarf-with-dsym";
				ENABLE_NS_ASSERTIONS = NO;
				ENABLE_STRICT_OBJC_MSGSEND = YES;
				ENABLE_USER_SCRIPT_SANDBOXING = YES;
				GCC_C_LANGUAGE_STANDARD = gnu17;
				GCC_NO_COMMON_BLOCKS = YES;
				GCC_WARN_64_TO_32_BIT_CONVERSION = YES;
				GCC_WARN_ABOUT_RETURN_TYPE = YES_ERROR;
				GCC_WARN_UNDECLARED_SELECTOR = YES;
				GCC_WARN_UNINITIALIZED_AUTOS = YES_AGGRESSIVE;
				GCC_WARN_UNUSED_FUNCTION = YES;
				GCC_WARN_UNUSED_VARIABLE = YES;
				IPHONEOS_DEPLOYMENT_TARGET = 17.5;
				LOCALIZATION_PREFERS_STRING_CATALOGS = YES;
				MTL_ENABLE_DEBUG_INFO = NO;
				MTL_FAST_MATH = YES;
				SDKROOT = iphoneos;
				SWIFT_COMPILATION_MODE = wholemodule;
				VALIDATE_PRODUCT = YES;
			};
			name = Release;
		};
		7723C11F2C5BCE0F009A6709 /* Debug */ = {
			isa = XCBuildConfiguration;
			buildSettings = {
				ASSETCATALOG_COMPILER_APPICON_NAME = AppIcon;
				ASSETCATALOG_COMPILER_GLOBAL_ACCENT_COLOR_NAME = AccentColor;
				CODE_SIGN_STYLE = Automatic;
				CURRENT_PROJECT_VERSION = 1;
				DEVELOPMENT_ASSET_PATHS = "\"BookSummarizer/Preview Content\"";
				DEVELOPMENT_TEAM = QS33T3WN6K;
				ENABLE_PREVIEWS = YES;
				GENERATE_INFOPLIST_FILE = YES;
				INFOPLIST_KEY_UIApplicationSceneManifest_Generation = YES;
				INFOPLIST_KEY_UIApplicationSupportsIndirectInputEvents = YES;
				INFOPLIST_KEY_UILaunchScreen_Generation = YES;
				INFOPLIST_KEY_UISupportedInterfaceOrientations_iPad = "UIInterfaceOrientationPortrait UIInterfaceOrientationPortraitUpsideDown UIInterfaceOrientationLandscapeLeft UIInterfaceOrientationLandscapeRight";
				INFOPLIST_KEY_UISupportedInterfaceOrientations_iPhone = "UIInterfaceOrientationPortrait UIInterfaceOrientationLandscapeLeft UIInterfaceOrientationLandscapeRight";
				LD_RUNPATH_SEARCH_PATHS = (
					"$(inherited)",
					"@executable_path/Frameworks",
				);
				MARKETING_VERSION = 1.0;
				PRODUCT_BUNDLE_IDENTIFIER = com.caliban.BookSummarizer;
				PRODUCT_NAME = "$(TARGET_NAME)";
				SWIFT_EMIT_LOC_STRINGS = YES;
				SWIFT_VERSION = 5.0;
				TARGETED_DEVICE_FAMILY = "1,2";
			};
			name = Debug;
		};
		7723C1202C5BCE0F009A6709 /* Release */ = {
			isa = XCBuildConfiguration;
			buildSettings = {
				ASSETCATALOG_COMPILER_APPICON_NAME = AppIcon;
				ASSETCATALOG_COMPILER_GLOBAL_ACCENT_COLOR_NAME = AccentColor;
				CODE_SIGN_STYLE = Automatic;
				CURRENT_PROJECT_VERSION = 1;
				DEVELOPMENT_ASSET_PATHS = "\"BookSummarizer/Preview Content\"";
				DEVELOPMENT_TEAM = QS33T3WN6K;
				ENABLE_PREVIEWS = YES;
				GENERATE_INFOPLIST_FILE = YES;
				INFOPLIST_KEY_UIApplicationSceneManifest_Generation = YES;
				INFOPLIST_KEY_UIApplicationSupportsIndirectInputEvents = YES;
				INFOPLIST_KEY_UILaunchScreen_Generation = YES;
				INFOPLIST_KEY_UISupportedInterfaceOrientations_iPad = "UIInterfaceOrientationPortrait UIInterfaceOrientationPortraitUpsideDown UIInterfaceOrientationLandscapeLeft UIInterfaceOrientationLandscapeRight";
				INFOPLIST_KEY_UISupportedInterfaceOrientations_iPhone = "UIInterfaceOrientationPortrait UIInterfaceOrientationLandscapeLeft UIInterfaceOrientationLandscapeRight";
				LD_RUNPATH_SEARCH_PATHS = (
					"$(inherited)",
					"@executable_path/Frameworks",
				);
				MARKETING_VERSION = 1.0;
				PRODUCT_BUNDLE_IDENTIFIER = com.caliban.BookSummarizer;
				PRODUCT_NAME = "$(TARGET_NAME)";
				SWIFT_EMIT_LOC_STRINGS = YES;
				SWIFT_VERSION = 5.0;
				TARGETED_DEVICE_FAMILY = "1,2";
			};
			name = Release;
		};
		7723C1222C5BCE0F009A6709 /* Debug */ = {
			isa = XCBuildConfiguration;
			buildSettings = {
				ALWAYS_EMBED_SWIFT_STANDARD_LIBRARIES = YES;
				BUNDLE_LOADER = "$(TEST_HOST)";
				CODE_SIGN_STYLE = Automatic;
				CURRENT_PROJECT_VERSION = 1;
				DEVELOPMENT_TEAM = QS33T3WN6K;
				GENERATE_INFOPLIST_FILE = YES;
				IPHONEOS_DEPLOYMENT_TARGET = 17.5;
				MARKETING_VERSION = 1.0;
				PRODUCT_BUNDLE_IDENTIFIER = com.caliban.BookSummarizerTests;
				PRODUCT_NAME = "$(TARGET_NAME)";
				SWIFT_EMIT_LOC_STRINGS = NO;
				SWIFT_VERSION = 5.0;
				TARGETED_DEVICE_FAMILY = "1,2";
				TEST_HOST = "$(BUILT_PRODUCTS_DIR)/BookSummarizer.app/$(BUNDLE_EXECUTABLE_FOLDER_PATH)/BookSummarizer";
			};
			name = Debug;
		};
		7723C1232C5BCE0F009A6709 /* Release */ = {
			isa = XCBuildConfiguration;
			buildSettings = {
				ALWAYS_EMBED_SWIFT_STANDARD_LIBRARIES = YES;
				BUNDLE_LOADER = "$(TEST_HOST)";
				CODE_SIGN_STYLE = Automatic;
				CURRENT_PROJECT_VERSION = 1;
				DEVELOPMENT_TEAM = QS33T3WN6K;
				GENERATE_INFOPLIST_FILE = YES;
				IPHONEOS_DEPLOYMENT_TARGET = 17.5;
				MARKETING_VERSION = 1.0;
				PRODUCT_BUNDLE_IDENTIFIER = com.caliban.BookSummarizerTests;
				PRODUCT_NAME = "$(TARGET_NAME)";
				SWIFT_EMIT_LOC_STRINGS = NO;
				SWIFT_VERSION = 5.0;
				TARGETED_DEVICE_FAMILY = "1,2";
				TEST_HOST = "$(BUILT_PRODUCTS_DIR)/BookSummarizer.app/$(BUNDLE_EXECUTABLE_FOLDER_PATH)/BookSummarizer";
			};
			name = Release;
		};
		7723C1252C5BCE0F009A6709 /* Debug */ = {
			isa = XCBuildConfiguration;
			buildSettings = {
				ALWAYS_EMBED_SWIFT_STANDARD_LIBRARIES = YES;
				CODE_SIGN_STYLE = Automatic;
				CURRENT_PROJECT_VERSION = 1;
				DEVELOPMENT_TEAM = QS33T3WN6K;
				GENERATE_INFOPLIST_FILE = YES;
				MARKETING_VERSION = 1.0;
				PRODUCT_BUNDLE_IDENTIFIER = com.caliban.BookSummarizerUITests;
				PRODUCT_NAME = "$(TARGET_NAME)";
				SWIFT_EMIT_LOC_STRINGS = NO;
				SWIFT_VERSION = 5.0;
				TARGETED_DEVICE_FAMILY = "1,2";
				TEST_TARGET_NAME = BookSummarizer;
			};
			name = Debug;
		};
		7723C1262C5BCE0F009A6709 /* Release */ = {
			isa = XCBuildConfiguration;
			buildSettings = {
				ALWAYS_EMBED_SWIFT_STANDARD_LIBRARIES = YES;
				CODE_SIGN_STYLE = Automatic;
				CURRENT_PROJECT_VERSION = 1;
				DEVELOPMENT_TEAM = QS33T3WN6K;
				GENERATE_INFOPLIST_FILE = YES;
				MARKETING_VERSION = 1.0;
				PRODUCT_BUNDLE_IDENTIFIER = com.caliban.BookSummarizerUITests;
				PRODUCT_NAME = "$(TARGET_NAME)";
				SWIFT_EMIT_LOC_STRINGS = NO;
				SWIFT_VERSION = 5.0;
				TARGETED_DEVICE_FAMILY = "1,2";
				TEST_TARGET_NAME = BookSummarizer;
			};
			name = Release;
		};
/* End XCBuildConfiguration section */

/* Begin XCConfigurationList section */
		7723C0F52C5BCE0E009A6709 /* Build configuration list for PBXProject "BookSummarizer" */ = {
			isa = XCConfigurationList;
			buildConfigurations = (
				7723C11C2C5BCE0F009A6709 /* Debug */,
				7723C11D2C5BCE0F009A6709 /* Release */,
			);
			defaultConfigurationIsVisible = 0;
			defaultConfigurationName = Release;
		};
		7723C11E2C5BCE0F009A6709 /* Build configuration list for PBXNativeTarget "BookSummarizer" */ = {
			isa = XCConfigurationList;
			buildConfigurations = (
				7723C11F2C5BCE0F009A6709 /* Debug */,
				7723C1202C5BCE0F009A6709 /* Release */,
			);
			defaultConfigurationIsVisible = 0;
			defaultConfigurationName = Release;
		};
		7723C1212C5BCE0F009A6709 /* Build configuration list for PBXNativeTarget "BookSummarizerTests" */ = {
			isa = XCConfigurationList;
			buildConfigurations = (
				7723C1222C5BCE0F009A6709 /* Debug */,
				7723C1232C5BCE0F009A6709 /* Release */,
			);
			defaultConfigurationIsVisible = 0;
			defaultConfigurationName = Release;
		};
		7723C1242C5BCE0F009A6709 /* Build configuration list for PBXNativeTarget "BookSummarizerUITests" */ = {
			isa = XCConfigurationList;
			buildConfigurations = (
				7723C1252C5BCE0F009A6709 /* Debug */,
				7723C1262C5BCE0F009A6709 /* Release */,
			);
			defaultConfigurationIsVisible = 0;
			defaultConfigurationName = Release;
		};
/* End XCConfigurationList section */

/* Begin XCRemoteSwiftPackageReference section */
		77FB0F902C5E4DF60052F9BF /* XCRemoteSwiftPackageReference "swift-composable-architecture" */ = {
			isa = XCRemoteSwiftPackageReference;
			repositoryURL = "https://github.com/pointfreeco/swift-composable-architecture";
			requirement = {
				kind = upToNextMajorVersion;
				minimumVersion = 1.12.1;
			};
		};
/* End XCRemoteSwiftPackageReference section */

/* Begin XCSwiftPackageProductDependency section */
		77FB0F912C5E4DF60052F9BF /* ComposableArchitecture */ = {
			isa = XCSwiftPackageProductDependency;
			package = 77FB0F902C5E4DF60052F9BF /* XCRemoteSwiftPackageReference "swift-composable-architecture" */;
			productName = ComposableArchitecture;
		};
/* End XCSwiftPackageProductDependency section */
	};
	rootObject = 7723C0F22C5BCE0E009A6709 /* Project object */;
}
